{
  "version": 4,
  "terraform_version": "1.9.6",
  "serial": 8,
  "lineage": "f191d052-c7ae-5e53-8d46-ac6859df5da2",
  "outputs": {},
  "resources": [
    {
      "mode": "managed",
      "type": "digitalocean_domain",
      "name": "domain",
      "provider": "provider[\"registry.terraform.io/digitalocean/digitalocean\"]",
      "instances": [
        {
          "schema_version": 0,
          "attributes": {
            "id": "thetnainghtun.me",
            "ip_address": null,
            "name": "thetnainghtun.me",
            "ttl": 1800,
            "urn": "do:domain:thetnainghtun.me"
          },
          "sensitive_attributes": [],
          "private": "bnVsbA=="
        }
      ]
    },
    {
      "mode": "managed",
      "type": "digitalocean_droplet",
      "name": "web",
      "provider": "provider[\"registry.terraform.io/digitalocean/digitalocean\"]",
      "instances": [
        {
          "schema_version": 1,
          "attributes": {
            "backups": false,
            "created_at": "2024-10-05T09:41:18Z",
            "disk": 25,
            "droplet_agent": null,
            "graceful_shutdown": false,
            "id": "449547996",
            "image": "ubuntu-20-04-x64",
            "ipv4_address": "139.59.183.104",
            "ipv4_address_private": "10.106.0.2",
            "ipv6": false,
            "ipv6_address": "",
            "locked": false,
            "memory": 1024,
            "monitoring": true,
            "name": "testing",
            "price_hourly": 0.00893,
            "price_monthly": 6,
            "private_networking": true,
            "region": "lon1",
            "resize_disk": true,
            "size": "s-1vcpu-1gb",
            "ssh_keys": [
              "43612661"
            ],
            "status": "active",
            "tags": null,
            "timeouts": null,
            "urn": "do:droplet:449547996",
            "user_data": "7e1d56e69c3008594887ab46dc251ca782741714",
            "vcpus": 1,
            "volume_ids": [],
            "vpc_uuid": "241ac642-5541-4509-904a-e3f1a03b205a"
          },
          "sensitive_attributes": [],
          "private": "eyJlMmJmYjczMC1lY2FhLTExZTYtOGY4OC0zNDM2M2JjN2M0YzAiOnsiY3JlYXRlIjozNjAwMDAwMDAwMDAwLCJkZWxldGUiOjYwMDAwMDAwMDAwLCJ1cGRhdGUiOjM2MDAwMDAwMDAwMDB9LCJzY2hlbWFfdmVyc2lvbiI6IjEifQ==",
          "dependencies": [
            "digitalocean_ssh_key.web"
          ]
        }
      ]
    },
    {
      "mode": "managed",
      "type": "digitalocean_record",
      "name": "main",
      "provider": "provider[\"registry.terraform.io/digitalocean/digitalocean\"]",
      "instances": [
        {
          "schema_version": 0,
          "attributes": {
            "domain": "thetnainghtun.me",
            "flags": 0,
            "fqdn": "thetnainghtun.me",
            "id": "1754864407",
            "name": "@",
            "port": 0,
            "priority": 0,
            "tag": "",
            "ttl": 1800,
            "type": "A",
            "value": "139.59.183.104",
            "weight": 0
          },
          "sensitive_attributes": [],
          "private": "bnVsbA==",
          "dependencies": [
            "digitalocean_domain.domain",
            "digitalocean_droplet.web",
            "digitalocean_ssh_key.web"
          ]
        }
      ]
    },
    {
      "mode": "managed",
      "type": "digitalocean_ssh_key",
      "name": "web",
      "provider": "provider[\"registry.terraform.io/digitalocean/digitalocean\"]",
      "instances": [
        {
          "schema_version": 0,
          "attributes": {
            "fingerprint": "93:5b:27:34:64:30:de:55:64:7a:39:d2:57:1b:73:5a",
            "id": "43612661",
            "name": "Terraform Testing",
            "public_key": "ssh-rsa AAAAB3NzaC1yc2EAAAADAQABAAABgQDmW4epgNoffy9ZWE/n3qYbTRFyp8ovxTB489mu218c9Y46Y54UMyV+3T3SMEI5XiXcvSONExreKH3mCkZQmmHyM8krXTYKh0Hzes+qiX2chdHiEze50hSf6KLy59hLdBd+wZxRIAc7LsxM+3j3xDqBlqo54fy3+OIA/Pd79v5Ezxw9sHbtK60m+mBKeC9Pq9m422vv75z7NaalSxgE8TWc5HIbvwlAJ4Su6grxp/HW/tDRpx8cFvsTJj12mUd3/CHsXFtL2ouRedTQFP5z2RMZVNkrUPM3dNerfNkFb9bRHKS9kwKd640eEqcAN3u5SbpYdmrKttx1ZbBpoKUlgf+mww4ed3LXsLbfSNEWoW/8Qv7k3N4fp4coQWv9e2fOD5z7dJheGv/mDyF6vfD/ViooLjhErUI4UVDMb1wVPb/NsKtv/+kKJy0WZfLKe2HlLFs825yQ5oMZrNZcB6LiG+AXsAxpnzWwoVf4OmmFm80g2dSTGHD/yEYNfHnCnCXBpPc= msi@msi\n",
            "timeouts": null
          },
          "sensitive_attributes": [],
          "private": "eyJlMmJmYjczMC1lY2FhLTExZTYtOGY4OC0zNDM2M2JjN2M0YzAiOnsiY3JlYXRlIjoxMjAwMDAwMDAwMDB9fQ=="
        }
      ]
    }
  ],
  "check_results": null
}
