{
  "version": 4,
  "terraform_version": "1.9.5",
  "serial": 148,
  "lineage": "4ef9d869-4b50-f77a-e83b-8af7b3bd204c",
  "outputs": {},
  "resources": [
    {
      "mode": "managed",
      "type": "digitalocean_domain",
      "name": "domain",
      "provider": "provider[\"registry.terraform.io/digitalocean/digitalocean\"]",
      "instances": [
        {
          "schema_version": 0,
          "attributes": {
            "id": "thetnainghtun.me",
            "ip_address": null,
            "name": "thetnainghtun.me",
            "ttl": 1800,
            "urn": "do:domain:thetnainghtun.me"
          },
          "sensitive_attributes": [],
          "private": "bnVsbA=="
        }
      ]
    },
    {
      "mode": "managed",
      "type": "digitalocean_droplet",
      "name": "web",
      "provider": "provider[\"registry.terraform.io/digitalocean/digitalocean\"]",
      "instances": [
        {
          "schema_version": 1,
          "attributes": {
            "backups": false,
            "created_at": "2024-09-06T08:27:29Z",
            "disk": 80,
            "droplet_agent": null,
            "graceful_shutdown": false,
            "id": "443545969",
            "image": "ubuntu-24-04-x64",
            "ipv4_address": "159.223.91.8",
            "ipv4_address_private": "10.104.0.3",
            "ipv6": false,
            "ipv6_address": "",
            "locked": false,
            "memory": 4096,
            "monitoring": true,
            "name": "testing",
            "price_hourly": 0.03571,
            "price_monthly": 24,
            "private_networking": true,
            "region": "sgp1",
            "resize_disk": true,
            "size": "s-2vcpu-4gb",
            "ssh_keys": [
              "43289017"
            ],
            "status": "active",
            "tags": null,
            "timeouts": null,
            "urn": "do:droplet:443545969",
            "user_data": "03cef4c8c22362dbdaf737d806951bfda55ce2dc",
            "vcpus": 2,
            "volume_ids": [],
            "vpc_uuid": "52e2399c-8080-4ce2-86a5-1ff76d3004bc"
          },
          "sensitive_attributes": [],
          "private": "eyJlMmJmYjczMC1lY2FhLTExZTYtOGY4OC0zNDM2M2JjN2M0YzAiOnsiY3JlYXRlIjozNjAwMDAwMDAwMDAwLCJkZWxldGUiOjYwMDAwMDAwMDAwLCJ1cGRhdGUiOjM2MDAwMDAwMDAwMDB9LCJzY2hlbWFfdmVyc2lvbiI6IjEifQ==",
          "dependencies": [
            "digitalocean_ssh_key.web"
          ]
        }
      ]
    },
    {
      "mode": "managed",
      "type": "digitalocean_record",
      "name": "main",
      "provider": "provider[\"registry.terraform.io/digitalocean/digitalocean\"]",
      "instances": [
        {
          "schema_version": 0,
          "attributes": {
            "domain": "thetnainghtun.me",
            "flags": 0,
            "fqdn": "thetnainghtun.me",
            "id": "1751608283",
            "name": "@",
            "port": 0,
            "priority": 0,
            "tag": "",
            "ttl": 1800,
            "type": "A",
            "value": "159.223.91.8",
            "weight": 0
          },
          "sensitive_attributes": [],
          "private": "bnVsbA==",
          "dependencies": [
            "digitalocean_domain.domain",
            "digitalocean_droplet.web",
            "digitalocean_ssh_key.web"
          ]
        }
      ]
    },
    {
      "mode": "managed",
      "type": "digitalocean_ssh_key",
      "name": "web",
      "provider": "provider[\"registry.terraform.io/digitalocean/digitalocean\"]",
      "instances": [
        {
          "schema_version": 0,
          "attributes": {
            "fingerprint": "7b:07:c8:3e:ec:ca:9d:ec:e2:25:e0:b4:55:aa:38:10",
            "id": "43289017",
            "name": "web app SSH key",
            "public_key": "ssh-rsa AAAAB3NzaC1yc2EAAAADAQABAAABgQDVSjuTIAPz7s8TriGFRZ88ss7qpaLLKy6jwZFGJD/Vr5IHmMzZ7xVfPVpB1cEUqlCc57QVHPY5FwHdCOx6uhpqQycLR2dgfvChnwRsCrz2Wg46oDtOX5w3VqW74EorxbyCFQOfuewt9YYPWqxgbJZaiEKQi/q9wUOj8O4//uFXvrKYT58MWM7hrtU4qB7aopnzsfbTEYa9PRcHMvTaAvDo+OPVKx5nEveTZpR6JMEJgSBbUrtqWdCmDs5NHBULeLkT6uyv/Lo72u9bnXU/dSu41QCAj1Fqrns4SiTPUG5UjUpBdwqssyKLB9Q39sRBWCr4ZpwF6UW9eHjA/CgTvHK0N+9XTs6gJpVrF9/eHtvs2z3caXf8gB5r4BtyAOVJuEPZxWGOz9pJ2WkpJ4uZuNj0oaxlO807Tpn4lw5pntTyMNd0FfRIE5nIf7u4xhDHWzs6lsMW0AwbgLEUBipYTnuSoTIEXvlCJnjNBK/FlPql/wZn9kGMlHVX4LxTp/ZgJHU= msi@pop-os\n"
          },
          "sensitive_attributes": [],
          "private": "bnVsbA=="
        }
      ]
    }
  ],
  "check_results": null
}
